{
  "name": "fileReplacer",
  "lockfileVersion": 3,
  "requires": true,
  "packages": {
    "": {
      "dependencies": {
        "mkdirp": "^2.1.5"
      }
    },
    "node_modules/mkdirp": {
      "version": "2.1.5",
      "resolved": "https://registry.npmjs.org/mkdirp/-/mkdirp-2.1.5.tgz",
      "integrity": "sha512-jbjfql+shJtAPrFoKxHOXip4xS+kul9W3OzfzzrqueWK2QMGon2bFH2opl6W9EagBThjEz+iysyi/swOoVfB/w==",
      "bin": {
        "mkdirp": "dist/cjs/src/bin.js"
      },
      "engines": {
        "node": ">=10"
      },
      "funding": {
        "url": "https://github.com/sponsors/isaacs"
      }
    }
  }
}
