{
  "name": "fileReplacer",
  "lockfileVersion": 3,
  "requires": true,
  "packages": {
    "": {
      "dependencies": {
        "mkdirp": "^2.1.5",
        "progress": "^2.0.3"
      },
      "devDependencies": {
        "@types/progress": "^2.0.5"
      }
    },
    "node_modules/@types/node": {
      "version": "20.3.1",
      "resolved": "https://registry.npmjs.org/@types/node/-/node-20.3.1.tgz",
      "integrity": "sha512-EhcH/wvidPy1WeML3TtYFGR83UzjxeWRen9V402T8aUGYsCHOmfoisV3ZSg03gAFIbLq8TnWOJ0f4cALtnSEUg==",
      "dev": true
    },
    "node_modules/@types/progress": {
      "version": "2.0.5",
      "resolved": "https://registry.npmjs.org/@types/progress/-/progress-2.0.5.tgz",
      "integrity": "sha512-ZYYVc/kSMkhH9W/4dNK/sLNra3cnkfT2nJyOAIDY+C2u6w72wa0s1aXAezVtbTsnN8HID1uhXCrLwDE2ZXpplg==",
      "dev": true,
      "dependencies": {
        "@types/node": "*"
      }
    },
    "node_modules/mkdirp": {
      "version": "2.1.5",
      "resolved": "https://registry.npmjs.org/mkdirp/-/mkdirp-2.1.5.tgz",
      "integrity": "sha512-jbjfql+shJtAPrFoKxHOXip4xS+kul9W3OzfzzrqueWK2QMGon2bFH2opl6W9EagBThjEz+iysyi/swOoVfB/w==",
      "bin": {
        "mkdirp": "dist/cjs/src/bin.js"
      },
      "engines": {
        "node": ">=10"
      },
      "funding": {
        "url": "https://github.com/sponsors/isaacs"
      }
    },
    "node_modules/progress": {
      "version": "2.0.3",
      "resolved": "https://registry.npmjs.org/progress/-/progress-2.0.3.tgz",
      "integrity": "sha512-7PiHtLll5LdnKIMw100I+8xJXR5gW2QwWYkT6iJva0bXitZKa/XMrSbdmg3r2Xnaidz9Qumd0VPaMrZlF9V9sA==",
      "engines": {
        "node": ">=0.4.0"
      }
    }
  }
}
